// !$*UTF8*$!
{
	archiveVersion = 1;
	classes = {
	};
	objectVersion = 55;
	objects = {

/* Begin PBXBuildFile section */
		5FDC46EC33554B9EAC53AA0B /* Pods_FloraTests.framework in Frameworks */ = {isa = PBXBuildFile; fileRef = AD0AFB2A2F2157872EEF6730 /* Pods_FloraTests.framework */; };
		765F0797204FDD8C134538C4 /* Pods_Flora_FloraUITests.framework in Frameworks */ = {isa = PBXBuildFile; fileRef = CB8BFB23CF19A4225799F20F /* Pods_Flora_FloraUITests.framework */; };
		E73819F1F5C1B3C6EF4C6CF7 /* Pods_Flora.framework in Frameworks */ = {isa = PBXBuildFile; fileRef = 0B8ADF9025442BD0ADD5828A /* Pods_Flora.framework */; };
		F4024E7628934C790054D6BB /* NameSearchViewController.m in Sources */ = {isa = PBXBuildFile; fileRef = F4024E7528934C790054D6BB /* NameSearchViewController.m */; };
		F4024E7928934DEE0054D6BB /* NameSearchCell.m in Sources */ = {isa = PBXBuildFile; fileRef = F4024E7828934DEE0054D6BB /* NameSearchCell.m */; };
		F41A29E8286E4CE200D2DAB9 /* Keys.plist in Resources */ = {isa = PBXBuildFile; fileRef = F41A29E7286E4CE200D2DAB9 /* Keys.plist */; };
		F41A29EB286E4F7100D2DAB9 /* Plant.m in Sources */ = {isa = PBXBuildFile; fileRef = F41A29EA286E4F7100D2DAB9 /* Plant.m */; };
		F41A29F6286E509200D2DAB9 /* APIManager.m in Sources */ = {isa = PBXBuildFile; fileRef = F41A29F5286E509200D2DAB9 /* APIManager.m */; };
		F41A29FD286E646D00D2DAB9 /* LoginViewController.m in Sources */ = {isa = PBXBuildFile; fileRef = F41A29FC286E646D00D2DAB9 /* LoginViewController.m */; };
		F445ED042874A4340084BDBB /* charSearchBody.json in Resources */ = {isa = PBXBuildFile; fileRef = F445ED032874A4340084BDBB /* charSearchBody.json */; };
		F445ED072875FD410084BDBB /* Board.m in Sources */ = {isa = PBXBuildFile; fileRef = F445ED062875FD410084BDBB /* Board.m */; };
		F445ED0D287606600084BDBB /* ResultsViewController.m in Sources */ = {isa = PBXBuildFile; fileRef = F445ED0C287606600084BDBB /* ResultsViewController.m */; };
		F445ED1028760C530084BDBB /* CardView.m in Sources */ = {isa = PBXBuildFile; fileRef = F445ED0F28760C530084BDBB /* CardView.m */; };
		F445ED132877438E0084BDBB /* SearchViewController.m in Sources */ = {isa = PBXBuildFile; fileRef = F445ED122877438E0084BDBB /* SearchViewController.m */; };
		F445ED162877A9A10084BDBB /* DetailViewController.m in Sources */ = {isa = PBXBuildFile; fileRef = F445ED152877A9A10084BDBB /* DetailViewController.m */; };
		F445ED192878B48F0084BDBB /* ProfileViewController.m in Sources */ = {isa = PBXBuildFile; fileRef = F445ED182878B48F0084BDBB /* ProfileViewController.m */; };
		F445ED1C2878CF7F0084BDBB /* SignupViewController.m in Sources */ = {isa = PBXBuildFile; fileRef = F445ED1B2878CF7F0084BDBB /* SignupViewController.m */; };
		F4499EF6288F14C700C8169E /* Follow.m in Sources */ = {isa = PBXBuildFile; fileRef = F4499EF5288F14C700C8169E /* Follow.m */; };
		F4499EF9288F5BC600C8169E /* UserProfileViewController.m in Sources */ = {isa = PBXBuildFile; fileRef = F4499EF8288F5BC600C8169E /* UserProfileViewController.m */; };
		F4499EFC288F6B9100C8169E /* ProfileBoardCell.m in Sources */ = {isa = PBXBuildFile; fileRef = F4499EFB288F6B9100C8169E /* ProfileBoardCell.m */; };
		F44B96C0287F3A0100A6EC78 /* PlantCell.m in Sources */ = {isa = PBXBuildFile; fileRef = F44B96BF287F3A0100A6EC78 /* PlantCell.m */; };
		F44CF452287E1A890076AB4B /* SelectViewController.m in Sources */ = {isa = PBXBuildFile; fileRef = F44CF451287E1A890076AB4B /* SelectViewController.m */; };
		F44CF455287E21D10076AB4B /* BoardCell.m in Sources */ = {isa = PBXBuildFile; fileRef = F44CF454287E21D10076AB4B /* BoardCell.m */; };
		F44CF458287E251A0076AB4B /* SelectBoardCell.m in Sources */ = {isa = PBXBuildFile; fileRef = F44CF457287E251A0076AB4B /* SelectBoardCell.m */; };
		F44CF45C287F2F420076AB4B /* BoardViewController.m in Sources */ = {isa = PBXBuildFile; fileRef = F44CF45B287F2F420076AB4B /* BoardViewController.m */; };
		F456EAA5287CD5DE0067B05C /* LikesViewController.m in Sources */ = {isa = PBXBuildFile; fileRef = F456EAA4287CD5DE0067B05C /* LikesViewController.m */; };
		F456EAA8287CDA280067B05C /* LikesCell.m in Sources */ = {isa = PBXBuildFile; fileRef = F456EAA7287CDA280067B05C /* LikesCell.m */; };
		F46C67B428987BED006CA056 /* PostViewController.m in Sources */ = {isa = PBXBuildFile; fileRef = F46C67B328987BED006CA056 /* PostViewController.m */; };
		F46FB39428984C79001144D6 /* PostGridCell.m in Sources */ = {isa = PBXBuildFile; fileRef = F46FB39328984C79001144D6 /* PostGridCell.m */; };
		F47EE860286E4A8D00E3AA76 /* AppDelegate.m in Sources */ = {isa = PBXBuildFile; fileRef = F47EE85F286E4A8D00E3AA76 /* AppDelegate.m */; };
		F47EE863286E4A8D00E3AA76 /* SceneDelegate.m in Sources */ = {isa = PBXBuildFile; fileRef = F47EE862286E4A8D00E3AA76 /* SceneDelegate.m */; };
		F47EE869286E4A8D00E3AA76 /* Main.storyboard in Resources */ = {isa = PBXBuildFile; fileRef = F47EE867286E4A8D00E3AA76 /* Main.storyboard */; };
		F47EE86B286E4A8E00E3AA76 /* Assets.xcassets in Resources */ = {isa = PBXBuildFile; fileRef = F47EE86A286E4A8E00E3AA76 /* Assets.xcassets */; };
		F47EE86E286E4A8E00E3AA76 /* LaunchScreen.storyboard in Resources */ = {isa = PBXBuildFile; fileRef = F47EE86C286E4A8E00E3AA76 /* LaunchScreen.storyboard */; };
		F47EE871286E4A8E00E3AA76 /* main.m in Sources */ = {isa = PBXBuildFile; fileRef = F47EE870286E4A8E00E3AA76 /* main.m */; };
		F47EE87B286E4A8E00E3AA76 /* FloraTests.m in Sources */ = {isa = PBXBuildFile; fileRef = F47EE87A286E4A8E00E3AA76 /* FloraTests.m */; };
		F47EE885286E4A8E00E3AA76 /* FloraUITests.m in Sources */ = {isa = PBXBuildFile; fileRef = F47EE884286E4A8E00E3AA76 /* FloraUITests.m */; };
		F47EE887286E4A8E00E3AA76 /* FloraUITestsLaunchTests.m in Sources */ = {isa = PBXBuildFile; fileRef = F47EE886286E4A8E00E3AA76 /* FloraUITestsLaunchTests.m */; };
		F488CAC1288B4F840031B781 /* FollowViewController.m in Sources */ = {isa = PBXBuildFile; fileRef = F488CAC0288B4F840031B781 /* FollowViewController.m */; };
		F488CAC4288B4FDB0031B781 /* UserSearchViewController.m in Sources */ = {isa = PBXBuildFile; fileRef = F488CAC3288B4FDB0031B781 /* UserSearchViewController.m */; };
		F488CAC7288B56300031B781 /* UserSearchCell.m in Sources */ = {isa = PBXBuildFile; fileRef = F488CAC6288B56300031B781 /* UserSearchCell.m */; };
		F488CACD288B6B7B0031B781 /* UserCell.m in Sources */ = {isa = PBXBuildFile; fileRef = F488CACC288B6B7B0031B781 /* UserCell.m */; };
		F49755B52881E046008050BB /* AddViewController.m in Sources */ = {isa = PBXBuildFile; fileRef = F49755B42881E046008050BB /* AddViewController.m */; };
		F49755B82881E458008050BB /* AddPlantCell.m in Sources */ = {isa = PBXBuildFile; fileRef = F49755B72881E458008050BB /* AddPlantCell.m */; };
		F4B2679628947234002320AE /* FeedViewController.m in Sources */ = {isa = PBXBuildFile; fileRef = F4B2679528947234002320AE /* FeedViewController.m */; };
		F4B267992894727A002320AE /* PostCell.m in Sources */ = {isa = PBXBuildFile; fileRef = F4B267982894727A002320AE /* PostCell.m */; };
		F4B2679C289472F4002320AE /* Post.m in Sources */ = {isa = PBXBuildFile; fileRef = F4B2679B289472F4002320AE /* Post.m */; };
		F4B2679F28947ADE002320AE /* ComposeViewController.m in Sources */ = {isa = PBXBuildFile; fileRef = F4B2679E28947ADE002320AE /* ComposeViewController.m */; };
		F4B267A228947AFB002320AE /* ComposePlantCell.m in Sources */ = {isa = PBXBuildFile; fileRef = F4B267A128947AFB002320AE /* ComposePlantCell.m */; };
/* End PBXBuildFile section */

/* Begin PBXContainerItemProxy section */
		F47EE877286E4A8E00E3AA76 /* PBXContainerItemProxy */ = {
			isa = PBXContainerItemProxy;
			containerPortal = F47EE853286E4A8D00E3AA76 /* Project object */;
			proxyType = 1;
			remoteGlobalIDString = F47EE85A286E4A8D00E3AA76;
			remoteInfo = Flora;
		};
		F47EE881286E4A8E00E3AA76 /* PBXContainerItemProxy */ = {
			isa = PBXContainerItemProxy;
			containerPortal = F47EE853286E4A8D00E3AA76 /* Project object */;
			proxyType = 1;
			remoteGlobalIDString = F47EE85A286E4A8D00E3AA76;
			remoteInfo = Flora;
		};
/* End PBXContainerItemProxy section */

/* Begin PBXFileReference section */
		0B8ADF9025442BD0ADD5828A /* Pods_Flora.framework */ = {isa = PBXFileReference; explicitFileType = wrapper.framework; includeInIndex = 0; path = Pods_Flora.framework; sourceTree = BUILT_PRODUCTS_DIR; };
		3261E9DF9EEAD20ED6802442 /* Pods-Flora.debug.xcconfig */ = {isa = PBXFileReference; includeInIndex = 1; lastKnownFileType = text.xcconfig; name = "Pods-Flora.debug.xcconfig"; path = "Target Support Files/Pods-Flora/Pods-Flora.debug.xcconfig"; sourceTree = "<group>"; };
		64BFF87648540B25EA6733F8 /* Pods-FloraTests.debug.xcconfig */ = {isa = PBXFileReference; includeInIndex = 1; lastKnownFileType = text.xcconfig; name = "Pods-FloraTests.debug.xcconfig"; path = "Target Support Files/Pods-FloraTests/Pods-FloraTests.debug.xcconfig"; sourceTree = "<group>"; };
		65C5037708F8FE444B12F984 /* Pods-Flora-FloraUITests.release.xcconfig */ = {isa = PBXFileReference; includeInIndex = 1; lastKnownFileType = text.xcconfig; name = "Pods-Flora-FloraUITests.release.xcconfig"; path = "Target Support Files/Pods-Flora-FloraUITests/Pods-Flora-FloraUITests.release.xcconfig"; sourceTree = "<group>"; };
		7662785C07E52A17BAB712EF /* Pods-Flora.release.xcconfig */ = {isa = PBXFileReference; includeInIndex = 1; lastKnownFileType = text.xcconfig; name = "Pods-Flora.release.xcconfig"; path = "Target Support Files/Pods-Flora/Pods-Flora.release.xcconfig"; sourceTree = "<group>"; };
		840E0347A227C35BC42428C9 /* Pods-Flora-FloraUITests.debug.xcconfig */ = {isa = PBXFileReference; includeInIndex = 1; lastKnownFileType = text.xcconfig; name = "Pods-Flora-FloraUITests.debug.xcconfig"; path = "Target Support Files/Pods-Flora-FloraUITests/Pods-Flora-FloraUITests.debug.xcconfig"; sourceTree = "<group>"; };
		9CB4B67367D9E0DC2EEDD41E /* Pods-FloraTests.release.xcconfig */ = {isa = PBXFileReference; includeInIndex = 1; lastKnownFileType = text.xcconfig; name = "Pods-FloraTests.release.xcconfig"; path = "Target Support Files/Pods-FloraTests/Pods-FloraTests.release.xcconfig"; sourceTree = "<group>"; };
		AD0AFB2A2F2157872EEF6730 /* Pods_FloraTests.framework */ = {isa = PBXFileReference; explicitFileType = wrapper.framework; includeInIndex = 0; path = Pods_FloraTests.framework; sourceTree = BUILT_PRODUCTS_DIR; };
		CB8BFB23CF19A4225799F20F /* Pods_Flora_FloraUITests.framework */ = {isa = PBXFileReference; explicitFileType = wrapper.framework; includeInIndex = 0; path = Pods_Flora_FloraUITests.framework; sourceTree = BUILT_PRODUCTS_DIR; };
		F4024E7428934C790054D6BB /* NameSearchViewController.h */ = {isa = PBXFileReference; lastKnownFileType = sourcecode.c.h; path = NameSearchViewController.h; sourceTree = "<group>"; };
		F4024E7528934C790054D6BB /* NameSearchViewController.m */ = {isa = PBXFileReference; lastKnownFileType = sourcecode.c.objc; path = NameSearchViewController.m; sourceTree = "<group>"; };
		F4024E7728934DEE0054D6BB /* NameSearchCell.h */ = {isa = PBXFileReference; lastKnownFileType = sourcecode.c.h; path = NameSearchCell.h; sourceTree = "<group>"; };
		F4024E7828934DEE0054D6BB /* NameSearchCell.m */ = {isa = PBXFileReference; lastKnownFileType = sourcecode.c.objc; path = NameSearchCell.m; sourceTree = "<group>"; };
		F41A29E7286E4CE200D2DAB9 /* Keys.plist */ = {isa = PBXFileReference; lastKnownFileType = text.plist.xml; path = Keys.plist; sourceTree = "<group>"; };
		F41A29E9286E4F7100D2DAB9 /* Plant.h */ = {isa = PBXFileReference; lastKnownFileType = sourcecode.c.h; path = Plant.h; sourceTree = "<group>"; };
		F41A29EA286E4F7100D2DAB9 /* Plant.m */ = {isa = PBXFileReference; lastKnownFileType = sourcecode.c.objc; path = Plant.m; sourceTree = "<group>"; };
		F41A29F4286E509200D2DAB9 /* APIManager.h */ = {isa = PBXFileReference; lastKnownFileType = sourcecode.c.h; path = APIManager.h; sourceTree = "<group>"; };
		F41A29F5286E509200D2DAB9 /* APIManager.m */ = {isa = PBXFileReference; lastKnownFileType = sourcecode.c.objc; path = APIManager.m; sourceTree = "<group>"; };
		F41A29FB286E646D00D2DAB9 /* LoginViewController.h */ = {isa = PBXFileReference; lastKnownFileType = sourcecode.c.h; path = LoginViewController.h; sourceTree = "<group>"; };
		F41A29FC286E646D00D2DAB9 /* LoginViewController.m */ = {isa = PBXFileReference; lastKnownFileType = sourcecode.c.objc; path = LoginViewController.m; sourceTree = "<group>"; };
		F445ED032874A4340084BDBB /* charSearchBody.json */ = {isa = PBXFileReference; fileEncoding = 4; lastKnownFileType = text.json; path = charSearchBody.json; sourceTree = "<group>"; };
		F445ED052875FD410084BDBB /* Board.h */ = {isa = PBXFileReference; lastKnownFileType = sourcecode.c.h; path = Board.h; sourceTree = "<group>"; };
		F445ED062875FD410084BDBB /* Board.m */ = {isa = PBXFileReference; lastKnownFileType = sourcecode.c.objc; path = Board.m; sourceTree = "<group>"; };
		F445ED0B287606600084BDBB /* ResultsViewController.h */ = {isa = PBXFileReference; lastKnownFileType = sourcecode.c.h; path = ResultsViewController.h; sourceTree = "<group>"; };
		F445ED0C287606600084BDBB /* ResultsViewController.m */ = {isa = PBXFileReference; lastKnownFileType = sourcecode.c.objc; path = ResultsViewController.m; sourceTree = "<group>"; };
		F445ED0E28760C530084BDBB /* CardView.h */ = {isa = PBXFileReference; lastKnownFileType = sourcecode.c.h; name = CardView.h; path = "Flora/View Controllers/CardView.h"; sourceTree = SOURCE_ROOT; };
		F445ED0F28760C530084BDBB /* CardView.m */ = {isa = PBXFileReference; lastKnownFileType = sourcecode.c.objc; name = CardView.m; path = "Flora/View Controllers/CardView.m"; sourceTree = SOURCE_ROOT; };
		F445ED112877438E0084BDBB /* SearchViewController.h */ = {isa = PBXFileReference; lastKnownFileType = sourcecode.c.h; path = SearchViewController.h; sourceTree = "<group>"; };
		F445ED122877438E0084BDBB /* SearchViewController.m */ = {isa = PBXFileReference; lastKnownFileType = sourcecode.c.objc; path = SearchViewController.m; sourceTree = "<group>"; };
		F445ED142877A9A10084BDBB /* DetailViewController.h */ = {isa = PBXFileReference; lastKnownFileType = sourcecode.c.h; path = DetailViewController.h; sourceTree = "<group>"; };
		F445ED152877A9A10084BDBB /* DetailViewController.m */ = {isa = PBXFileReference; lastKnownFileType = sourcecode.c.objc; path = DetailViewController.m; sourceTree = "<group>"; };
		F445ED172878B48F0084BDBB /* ProfileViewController.h */ = {isa = PBXFileReference; lastKnownFileType = sourcecode.c.h; path = ProfileViewController.h; sourceTree = "<group>"; };
		F445ED182878B48F0084BDBB /* ProfileViewController.m */ = {isa = PBXFileReference; lastKnownFileType = sourcecode.c.objc; path = ProfileViewController.m; sourceTree = "<group>"; };
		F445ED1A2878CF7F0084BDBB /* SignupViewController.h */ = {isa = PBXFileReference; lastKnownFileType = sourcecode.c.h; path = SignupViewController.h; sourceTree = "<group>"; };
		F445ED1B2878CF7F0084BDBB /* SignupViewController.m */ = {isa = PBXFileReference; lastKnownFileType = sourcecode.c.objc; path = SignupViewController.m; sourceTree = "<group>"; };
		F4499EF4288F14C700C8169E /* Follow.h */ = {isa = PBXFileReference; lastKnownFileType = sourcecode.c.h; name = Follow.h; path = Flora/Models/Follow.h; sourceTree = SOURCE_ROOT; };
		F4499EF5288F14C700C8169E /* Follow.m */ = {isa = PBXFileReference; lastKnownFileType = sourcecode.c.objc; name = Follow.m; path = Flora/Models/Follow.m; sourceTree = SOURCE_ROOT; };
		F4499EF7288F5BC600C8169E /* UserProfileViewController.h */ = {isa = PBXFileReference; lastKnownFileType = sourcecode.c.h; path = UserProfileViewController.h; sourceTree = "<group>"; };
		F4499EF8288F5BC600C8169E /* UserProfileViewController.m */ = {isa = PBXFileReference; lastKnownFileType = sourcecode.c.objc; path = UserProfileViewController.m; sourceTree = "<group>"; };
		F4499EFA288F6B9100C8169E /* ProfileBoardCell.h */ = {isa = PBXFileReference; lastKnownFileType = sourcecode.c.h; path = ProfileBoardCell.h; sourceTree = "<group>"; };
		F4499EFB288F6B9100C8169E /* ProfileBoardCell.m */ = {isa = PBXFileReference; lastKnownFileType = sourcecode.c.objc; path = ProfileBoardCell.m; sourceTree = "<group>"; };
		F44B96BE287F3A0100A6EC78 /* PlantCell.h */ = {isa = PBXFileReference; lastKnownFileType = sourcecode.c.h; path = PlantCell.h; sourceTree = "<group>"; };
		F44B96BF287F3A0100A6EC78 /* PlantCell.m */ = {isa = PBXFileReference; lastKnownFileType = sourcecode.c.objc; path = PlantCell.m; sourceTree = "<group>"; };
		F44CF450287E1A890076AB4B /* SelectViewController.h */ = {isa = PBXFileReference; lastKnownFileType = sourcecode.c.h; path = SelectViewController.h; sourceTree = "<group>"; };
		F44CF451287E1A890076AB4B /* SelectViewController.m */ = {isa = PBXFileReference; lastKnownFileType = sourcecode.c.objc; path = SelectViewController.m; sourceTree = "<group>"; };
		F44CF453287E21D10076AB4B /* BoardCell.h */ = {isa = PBXFileReference; lastKnownFileType = sourcecode.c.h; path = BoardCell.h; sourceTree = "<group>"; };
		F44CF454287E21D10076AB4B /* BoardCell.m */ = {isa = PBXFileReference; lastKnownFileType = sourcecode.c.objc; path = BoardCell.m; sourceTree = "<group>"; };
		F44CF456287E251A0076AB4B /* SelectBoardCell.h */ = {isa = PBXFileReference; lastKnownFileType = sourcecode.c.h; path = SelectBoardCell.h; sourceTree = "<group>"; };
		F44CF457287E251A0076AB4B /* SelectBoardCell.m */ = {isa = PBXFileReference; lastKnownFileType = sourcecode.c.objc; path = SelectBoardCell.m; sourceTree = "<group>"; };
		F44CF45A287F2F420076AB4B /* BoardViewController.h */ = {isa = PBXFileReference; lastKnownFileType = sourcecode.c.h; path = BoardViewController.h; sourceTree = "<group>"; };
		F44CF45B287F2F420076AB4B /* BoardViewController.m */ = {isa = PBXFileReference; lastKnownFileType = sourcecode.c.objc; path = BoardViewController.m; sourceTree = "<group>"; };
		F456EAA3287CD5DE0067B05C /* LikesViewController.h */ = {isa = PBXFileReference; lastKnownFileType = sourcecode.c.h; path = LikesViewController.h; sourceTree = "<group>"; };
		F456EAA4287CD5DE0067B05C /* LikesViewController.m */ = {isa = PBXFileReference; lastKnownFileType = sourcecode.c.objc; path = LikesViewController.m; sourceTree = "<group>"; };
		F456EAA6287CDA280067B05C /* LikesCell.h */ = {isa = PBXFileReference; lastKnownFileType = sourcecode.c.h; path = LikesCell.h; sourceTree = "<group>"; };
		F456EAA7287CDA280067B05C /* LikesCell.m */ = {isa = PBXFileReference; lastKnownFileType = sourcecode.c.objc; path = LikesCell.m; sourceTree = "<group>"; };
		F46C67B228987BED006CA056 /* PostViewController.h */ = {isa = PBXFileReference; lastKnownFileType = sourcecode.c.h; path = PostViewController.h; sourceTree = "<group>"; };
		F46C67B328987BED006CA056 /* PostViewController.m */ = {isa = PBXFileReference; lastKnownFileType = sourcecode.c.objc; path = PostViewController.m; sourceTree = "<group>"; };
		F46FB39228984C79001144D6 /* PostGridCell.h */ = {isa = PBXFileReference; lastKnownFileType = sourcecode.c.h; path = PostGridCell.h; sourceTree = "<group>"; };
		F46FB39328984C79001144D6 /* PostGridCell.m */ = {isa = PBXFileReference; lastKnownFileType = sourcecode.c.objc; path = PostGridCell.m; sourceTree = "<group>"; };
		F47EE85B286E4A8D00E3AA76 /* Flora.app */ = {isa = PBXFileReference; explicitFileType = wrapper.application; includeInIndex = 0; path = Flora.app; sourceTree = BUILT_PRODUCTS_DIR; };
		F47EE85E286E4A8D00E3AA76 /* AppDelegate.h */ = {isa = PBXFileReference; lastKnownFileType = sourcecode.c.h; path = AppDelegate.h; sourceTree = "<group>"; };
		F47EE85F286E4A8D00E3AA76 /* AppDelegate.m */ = {isa = PBXFileReference; lastKnownFileType = sourcecode.c.objc; path = AppDelegate.m; sourceTree = "<group>"; };
		F47EE861286E4A8D00E3AA76 /* SceneDelegate.h */ = {isa = PBXFileReference; lastKnownFileType = sourcecode.c.h; path = SceneDelegate.h; sourceTree = "<group>"; };
		F47EE862286E4A8D00E3AA76 /* SceneDelegate.m */ = {isa = PBXFileReference; lastKnownFileType = sourcecode.c.objc; path = SceneDelegate.m; sourceTree = "<group>"; };
		F47EE868286E4A8D00E3AA76 /* Base */ = {isa = PBXFileReference; lastKnownFileType = file.storyboard; name = Base; path = Base.lproj/Main.storyboard; sourceTree = "<group>"; };
		F47EE86A286E4A8E00E3AA76 /* Assets.xcassets */ = {isa = PBXFileReference; lastKnownFileType = folder.assetcatalog; path = Assets.xcassets; sourceTree = "<group>"; };
		F47EE86D286E4A8E00E3AA76 /* Base */ = {isa = PBXFileReference; lastKnownFileType = file.storyboard; name = Base; path = Base.lproj/LaunchScreen.storyboard; sourceTree = "<group>"; };
		F47EE86F286E4A8E00E3AA76 /* Info.plist */ = {isa = PBXFileReference; lastKnownFileType = text.plist.xml; path = Info.plist; sourceTree = "<group>"; };
		F47EE870286E4A8E00E3AA76 /* main.m */ = {isa = PBXFileReference; lastKnownFileType = sourcecode.c.objc; path = main.m; sourceTree = "<group>"; };
		F47EE876286E4A8E00E3AA76 /* FloraTests.xctest */ = {isa = PBXFileReference; explicitFileType = wrapper.cfbundle; includeInIndex = 0; path = FloraTests.xctest; sourceTree = BUILT_PRODUCTS_DIR; };
		F47EE87A286E4A8E00E3AA76 /* FloraTests.m */ = {isa = PBXFileReference; lastKnownFileType = sourcecode.c.objc; path = FloraTests.m; sourceTree = "<group>"; };
		F47EE880286E4A8E00E3AA76 /* FloraUITests.xctest */ = {isa = PBXFileReference; explicitFileType = wrapper.cfbundle; includeInIndex = 0; path = FloraUITests.xctest; sourceTree = BUILT_PRODUCTS_DIR; };
		F47EE884286E4A8E00E3AA76 /* FloraUITests.m */ = {isa = PBXFileReference; lastKnownFileType = sourcecode.c.objc; path = FloraUITests.m; sourceTree = "<group>"; };
		F47EE886286E4A8E00E3AA76 /* FloraUITestsLaunchTests.m */ = {isa = PBXFileReference; lastKnownFileType = sourcecode.c.objc; path = FloraUITestsLaunchTests.m; sourceTree = "<group>"; };
		F488CABF288B4F840031B781 /* FollowViewController.h */ = {isa = PBXFileReference; lastKnownFileType = sourcecode.c.h; path = FollowViewController.h; sourceTree = "<group>"; };
		F488CAC0288B4F840031B781 /* FollowViewController.m */ = {isa = PBXFileReference; lastKnownFileType = sourcecode.c.objc; path = FollowViewController.m; sourceTree = "<group>"; };
		F488CAC2288B4FDB0031B781 /* UserSearchViewController.h */ = {isa = PBXFileReference; lastKnownFileType = sourcecode.c.h; path = UserSearchViewController.h; sourceTree = "<group>"; };
		F488CAC3288B4FDB0031B781 /* UserSearchViewController.m */ = {isa = PBXFileReference; lastKnownFileType = sourcecode.c.objc; path = UserSearchViewController.m; sourceTree = "<group>"; };
		F488CAC5288B56300031B781 /* UserSearchCell.h */ = {isa = PBXFileReference; lastKnownFileType = sourcecode.c.h; path = UserSearchCell.h; sourceTree = "<group>"; };
		F488CAC6288B56300031B781 /* UserSearchCell.m */ = {isa = PBXFileReference; lastKnownFileType = sourcecode.c.objc; path = UserSearchCell.m; sourceTree = "<group>"; };
		F488CACB288B6B7B0031B781 /* UserCell.h */ = {isa = PBXFileReference; lastKnownFileType = sourcecode.c.h; path = UserCell.h; sourceTree = "<group>"; };
		F488CACC288B6B7B0031B781 /* UserCell.m */ = {isa = PBXFileReference; lastKnownFileType = sourcecode.c.objc; path = UserCell.m; sourceTree = "<group>"; };
		F49755B32881E046008050BB /* AddViewController.h */ = {isa = PBXFileReference; lastKnownFileType = sourcecode.c.h; path = AddViewController.h; sourceTree = "<group>"; };
		F49755B42881E046008050BB /* AddViewController.m */ = {isa = PBXFileReference; lastKnownFileType = sourcecode.c.objc; path = AddViewController.m; sourceTree = "<group>"; };
		F49755B62881E458008050BB /* AddPlantCell.h */ = {isa = PBXFileReference; lastKnownFileType = sourcecode.c.h; name = AddPlantCell.h; path = "Flora/View Controllers/AddPlantCell.h"; sourceTree = SOURCE_ROOT; };
		F49755B72881E458008050BB /* AddPlantCell.m */ = {isa = PBXFileReference; lastKnownFileType = sourcecode.c.objc; name = AddPlantCell.m; path = "Flora/View Controllers/AddPlantCell.m"; sourceTree = SOURCE_ROOT; };
		F4B2679428947234002320AE /* FeedViewController.h */ = {isa = PBXFileReference; lastKnownFileType = sourcecode.c.h; path = FeedViewController.h; sourceTree = "<group>"; };
		F4B2679528947234002320AE /* FeedViewController.m */ = {isa = PBXFileReference; lastKnownFileType = sourcecode.c.objc; path = FeedViewController.m; sourceTree = "<group>"; };
		F4B267972894727A002320AE /* PostCell.h */ = {isa = PBXFileReference; lastKnownFileType = sourcecode.c.h; path = PostCell.h; sourceTree = "<group>"; };
		F4B267982894727A002320AE /* PostCell.m */ = {isa = PBXFileReference; lastKnownFileType = sourcecode.c.objc; path = PostCell.m; sourceTree = "<group>"; };
		F4B2679A289472F4002320AE /* Post.h */ = {isa = PBXFileReference; lastKnownFileType = sourcecode.c.h; path = Post.h; sourceTree = "<group>"; };
		F4B2679B289472F4002320AE /* Post.m */ = {isa = PBXFileReference; lastKnownFileType = sourcecode.c.objc; path = Post.m; sourceTree = "<group>"; };
		F4B2679D28947ADE002320AE /* ComposeViewController.h */ = {isa = PBXFileReference; lastKnownFileType = sourcecode.c.h; path = ComposeViewController.h; sourceTree = "<group>"; };
		F4B2679E28947ADE002320AE /* ComposeViewController.m */ = {isa = PBXFileReference; lastKnownFileType = sourcecode.c.objc; path = ComposeViewController.m; sourceTree = "<group>"; };
		F4B267A028947AFB002320AE /* ComposePlantCell.h */ = {isa = PBXFileReference; lastKnownFileType = sourcecode.c.h; path = ComposePlantCell.h; sourceTree = "<group>"; };
		F4B267A128947AFB002320AE /* ComposePlantCell.m */ = {isa = PBXFileReference; lastKnownFileType = sourcecode.c.objc; path = ComposePlantCell.m; sourceTree = "<group>"; };
/* End PBXFileReference section */

/* Begin PBXFrameworksBuildPhase section */
		F47EE858286E4A8D00E3AA76 /* Frameworks */ = {
			isa = PBXFrameworksBuildPhase;
			buildActionMask = 2147483647;
			files = (
				E73819F1F5C1B3C6EF4C6CF7 /* Pods_Flora.framework in Frameworks */,
			);
			runOnlyForDeploymentPostprocessing = 0;
		};
		F47EE873286E4A8E00E3AA76 /* Frameworks */ = {
			isa = PBXFrameworksBuildPhase;
			buildActionMask = 2147483647;
			files = (
				5FDC46EC33554B9EAC53AA0B /* Pods_FloraTests.framework in Frameworks */,
			);
			runOnlyForDeploymentPostprocessing = 0;
		};
		F47EE87D286E4A8E00E3AA76 /* Frameworks */ = {
			isa = PBXFrameworksBuildPhase;
			buildActionMask = 2147483647;
			files = (
				765F0797204FDD8C134538C4 /* Pods_Flora_FloraUITests.framework in Frameworks */,
			);
			runOnlyForDeploymentPostprocessing = 0;
		};
/* End PBXFrameworksBuildPhase section */

/* Begin PBXGroup section */
		05B94E44BC0D259036141457 /* Pods */ = {
			isa = PBXGroup;
			children = (
				3261E9DF9EEAD20ED6802442 /* Pods-Flora.debug.xcconfig */,
				7662785C07E52A17BAB712EF /* Pods-Flora.release.xcconfig */,
				840E0347A227C35BC42428C9 /* Pods-Flora-FloraUITests.debug.xcconfig */,
				65C5037708F8FE444B12F984 /* Pods-Flora-FloraUITests.release.xcconfig */,
				64BFF87648540B25EA6733F8 /* Pods-FloraTests.debug.xcconfig */,
				9CB4B67367D9E0DC2EEDD41E /* Pods-FloraTests.release.xcconfig */,
			);
			path = Pods;
			sourceTree = "<group>";
		};
		BF4215B12D39EDD8C75A44FD /* Frameworks */ = {
			isa = PBXGroup;
			children = (
				0B8ADF9025442BD0ADD5828A /* Pods_Flora.framework */,
				CB8BFB23CF19A4225799F20F /* Pods_Flora_FloraUITests.framework */,
				AD0AFB2A2F2157872EEF6730 /* Pods_FloraTests.framework */,
			);
			name = Frameworks;
			sourceTree = "<group>";
		};
		F41A29EC286E4F7600D2DAB9 /* Models */ = {
			isa = PBXGroup;
			children = (
				F4499EF4288F14C700C8169E /* Follow.h */,
				F4499EF5288F14C700C8169E /* Follow.m */,
				F445ED052875FD410084BDBB /* Board.h */,
				F445ED062875FD410084BDBB /* Board.m */,
				F41A29E9286E4F7100D2DAB9 /* Plant.h */,
				F41A29EA286E4F7100D2DAB9 /* Plant.m */,
				F4B2679A289472F4002320AE /* Post.h */,
				F4B2679B289472F4002320AE /* Post.m */,
			);
			path = Models;
			sourceTree = "<group>";
		};
		F41A29ED286E4F7E00D2DAB9 /* View Controllers */ = {
			isa = PBXGroup;
			children = (
				F41A29FB286E646D00D2DAB9 /* LoginViewController.h */,
				F41A29FC286E646D00D2DAB9 /* LoginViewController.m */,
				F445ED172878B48F0084BDBB /* ProfileViewController.h */,
				F445ED182878B48F0084BDBB /* ProfileViewController.m */,
				F445ED1A2878CF7F0084BDBB /* SignupViewController.h */,
				F445ED1B2878CF7F0084BDBB /* SignupViewController.m */,
				F445ED112877438E0084BDBB /* SearchViewController.h */,
				F445ED122877438E0084BDBB /* SearchViewController.m */,
				F445ED0B287606600084BDBB /* ResultsViewController.h */,
				F445ED0C287606600084BDBB /* ResultsViewController.m */,
				F445ED0E28760C530084BDBB /* CardView.h */,
				F445ED0F28760C530084BDBB /* CardView.m */,
				F445ED142877A9A10084BDBB /* DetailViewController.h */,
				F445ED152877A9A10084BDBB /* DetailViewController.m */,
				F456EAA3287CD5DE0067B05C /* LikesViewController.h */,
				F456EAA4287CD5DE0067B05C /* LikesViewController.m */,
				F456EAA6287CDA280067B05C /* LikesCell.h */,
				F456EAA7287CDA280067B05C /* LikesCell.m */,
				F44CF453287E21D10076AB4B /* BoardCell.h */,
				F44CF454287E21D10076AB4B /* BoardCell.m */,
				F44CF450287E1A890076AB4B /* SelectViewController.h */,
				F44CF451287E1A890076AB4B /* SelectViewController.m */,
				F44CF456287E251A0076AB4B /* SelectBoardCell.h */,
				F44CF457287E251A0076AB4B /* SelectBoardCell.m */,
				F44CF45A287F2F420076AB4B /* BoardViewController.h */,
				F44CF45B287F2F420076AB4B /* BoardViewController.m */,
				F44B96BE287F3A0100A6EC78 /* PlantCell.h */,
				F44B96BF287F3A0100A6EC78 /* PlantCell.m */,
				F49755B32881E046008050BB /* AddViewController.h */,
				F49755B42881E046008050BB /* AddViewController.m */,
				F49755B62881E458008050BB /* AddPlantCell.h */,
				F49755B72881E458008050BB /* AddPlantCell.m */,
				F488CABF288B4F840031B781 /* FollowViewController.h */,
				F488CAC0288B4F840031B781 /* FollowViewController.m */,
				F488CACB288B6B7B0031B781 /* UserCell.h */,
				F488CACC288B6B7B0031B781 /* UserCell.m */,
				F488CAC2288B4FDB0031B781 /* UserSearchViewController.h */,
				F488CAC3288B4FDB0031B781 /* UserSearchViewController.m */,
				F488CAC5288B56300031B781 /* UserSearchCell.h */,
				F488CAC6288B56300031B781 /* UserSearchCell.m */,
				F4499EF7288F5BC600C8169E /* UserProfileViewController.h */,
				F4499EF8288F5BC600C8169E /* UserProfileViewController.m */,
				F4499EFA288F6B9100C8169E /* ProfileBoardCell.h */,
				F4499EFB288F6B9100C8169E /* ProfileBoardCell.m */,
				F46FB39228984C79001144D6 /* PostGridCell.h */,
				F46FB39328984C79001144D6 /* PostGridCell.m */,
				F4024E7428934C790054D6BB /* NameSearchViewController.h */,
				F4024E7528934C790054D6BB /* NameSearchViewController.m */,
				F4024E7728934DEE0054D6BB /* NameSearchCell.h */,
				F4024E7828934DEE0054D6BB /* NameSearchCell.m */,
				F4B2679428947234002320AE /* FeedViewController.h */,
				F4B2679528947234002320AE /* FeedViewController.m */,
				F4B267972894727A002320AE /* PostCell.h */,
				F4B267982894727A002320AE /* PostCell.m */,
				F4B2679D28947ADE002320AE /* ComposeViewController.h */,
				F4B2679E28947ADE002320AE /* ComposeViewController.m */,
				F4B267A028947AFB002320AE /* ComposePlantCell.h */,
				F4B267A128947AFB002320AE /* ComposePlantCell.m */,
				F46C67B228987BED006CA056 /* PostViewController.h */,
				F46C67B328987BED006CA056 /* PostViewController.m */,
			);
			path = "View Controllers";
			sourceTree = "<group>";
		};
		F41A29F7286E509800D2DAB9 /* API */ = {
			isa = PBXGroup;
			children = (
				F41A29F4286E509200D2DAB9 /* APIManager.h */,
				F41A29F5286E509200D2DAB9 /* APIManager.m */,
			);
			path = API;
			sourceTree = "<group>";
		};
		F47EE852286E4A8D00E3AA76 = {
			isa = PBXGroup;
			children = (
				F47EE85D286E4A8D00E3AA76 /* Flora */,
				F47EE879286E4A8E00E3AA76 /* FloraTests */,
				F47EE883286E4A8E00E3AA76 /* FloraUITests */,
				F47EE85C286E4A8D00E3AA76 /* Products */,
				05B94E44BC0D259036141457 /* Pods */,
				BF4215B12D39EDD8C75A44FD /* Frameworks */,
			);
			sourceTree = "<group>";
		};
		F47EE85C286E4A8D00E3AA76 /* Products */ = {
			isa = PBXGroup;
			children = (
				F47EE85B286E4A8D00E3AA76 /* Flora.app */,
				F47EE876286E4A8E00E3AA76 /* FloraTests.xctest */,
				F47EE880286E4A8E00E3AA76 /* FloraUITests.xctest */,
			);
			name = Products;
			sourceTree = "<group>";
		};
		F47EE85D286E4A8D00E3AA76 /* Flora */ = {
			isa = PBXGroup;
			children = (
				F41A29F7286E509800D2DAB9 /* API */,
				F41A29ED286E4F7E00D2DAB9 /* View Controllers */,
				F41A29EC286E4F7600D2DAB9 /* Models */,
				F47EE861286E4A8D00E3AA76 /* SceneDelegate.h */,
				F47EE862286E4A8D00E3AA76 /* SceneDelegate.m */,
				F47EE85E286E4A8D00E3AA76 /* AppDelegate.h */,
				F47EE85F286E4A8D00E3AA76 /* AppDelegate.m */,
				F47EE867286E4A8D00E3AA76 /* Main.storyboard */,
				F47EE86A286E4A8E00E3AA76 /* Assets.xcassets */,
				F47EE86C286E4A8E00E3AA76 /* LaunchScreen.storyboard */,
				F47EE86F286E4A8E00E3AA76 /* Info.plist */,
				F41A29E7286E4CE200D2DAB9 /* Keys.plist */,
				F445ED032874A4340084BDBB /* charSearchBody.json */,
				F47EE870286E4A8E00E3AA76 /* main.m */,
			);
			path = Flora;
			sourceTree = "<group>";
		};
		F47EE879286E4A8E00E3AA76 /* FloraTests */ = {
			isa = PBXGroup;
			children = (
				F47EE87A286E4A8E00E3AA76 /* FloraTests.m */,
			);
			path = FloraTests;
			sourceTree = "<group>";
		};
		F47EE883286E4A8E00E3AA76 /* FloraUITests */ = {
			isa = PBXGroup;
			children = (
				F47EE884286E4A8E00E3AA76 /* FloraUITests.m */,
				F47EE886286E4A8E00E3AA76 /* FloraUITestsLaunchTests.m */,
			);
			path = FloraUITests;
			sourceTree = "<group>";
		};
/* End PBXGroup section */

/* Begin PBXNativeTarget section */
		F47EE85A286E4A8D00E3AA76 /* Flora */ = {
			isa = PBXNativeTarget;
			buildConfigurationList = F47EE88A286E4A8E00E3AA76 /* Build configuration list for PBXNativeTarget "Flora" */;
			buildPhases = (
				0B86E163896BE69DD905C404 /* [CP] Check Pods Manifest.lock */,
				F47EE857286E4A8D00E3AA76 /* Sources */,
				F47EE858286E4A8D00E3AA76 /* Frameworks */,
				F47EE859286E4A8D00E3AA76 /* Resources */,
				83CF91AB559FDC2A1B5B412C /* [CP] Embed Pods Frameworks */,
				A575143698D79BEBBA57E9F9 /* [CP] Copy Pods Resources */,
			);
			buildRules = (
			);
			dependencies = (
			);
			name = Flora;
			productName = Flora;
			productReference = F47EE85B286E4A8D00E3AA76 /* Flora.app */;
			productType = "com.apple.product-type.application";
		};
		F47EE875286E4A8E00E3AA76 /* FloraTests */ = {
			isa = PBXNativeTarget;
			buildConfigurationList = F47EE88D286E4A8E00E3AA76 /* Build configuration list for PBXNativeTarget "FloraTests" */;
			buildPhases = (
				943C445EC60E08FFA8E6D269 /* [CP] Check Pods Manifest.lock */,
				F47EE872286E4A8E00E3AA76 /* Sources */,
				F47EE873286E4A8E00E3AA76 /* Frameworks */,
				F47EE874286E4A8E00E3AA76 /* Resources */,
			);
			buildRules = (
			);
			dependencies = (
				F47EE878286E4A8E00E3AA76 /* PBXTargetDependency */,
			);
			name = FloraTests;
			productName = FloraTests;
			productReference = F47EE876286E4A8E00E3AA76 /* FloraTests.xctest */;
			productType = "com.apple.product-type.bundle.unit-test";
		};
		F47EE87F286E4A8E00E3AA76 /* FloraUITests */ = {
			isa = PBXNativeTarget;
			buildConfigurationList = F47EE890286E4A8E00E3AA76 /* Build configuration list for PBXNativeTarget "FloraUITests" */;
			buildPhases = (
				16D33F38AE3A4598899148C6 /* [CP] Check Pods Manifest.lock */,
				F47EE87C286E4A8E00E3AA76 /* Sources */,
				F47EE87D286E4A8E00E3AA76 /* Frameworks */,
				F47EE87E286E4A8E00E3AA76 /* Resources */,
				6DB86B2418E2B058A91B5040 /* [CP] Embed Pods Frameworks */,
				D7BAAE1ABB98100847D3FBB8 /* [CP] Copy Pods Resources */,
			);
			buildRules = (
			);
			dependencies = (
				F47EE882286E4A8E00E3AA76 /* PBXTargetDependency */,
			);
			name = FloraUITests;
			productName = FloraUITests;
			productReference = F47EE880286E4A8E00E3AA76 /* FloraUITests.xctest */;
			productType = "com.apple.product-type.bundle.ui-testing";
		};
/* End PBXNativeTarget section */

/* Begin PBXProject section */
		F47EE853286E4A8D00E3AA76 /* Project object */ = {
			isa = PBXProject;
			attributes = {
				BuildIndependentTargetsInParallel = 1;
				LastUpgradeCheck = 1340;
				TargetAttributes = {
					F47EE85A286E4A8D00E3AA76 = {
						CreatedOnToolsVersion = 13.4.1;
					};
					F47EE875286E4A8E00E3AA76 = {
						CreatedOnToolsVersion = 13.4.1;
						TestTargetID = F47EE85A286E4A8D00E3AA76;
					};
					F47EE87F286E4A8E00E3AA76 = {
						CreatedOnToolsVersion = 13.4.1;
						TestTargetID = F47EE85A286E4A8D00E3AA76;
					};
				};
			};
			buildConfigurationList = F47EE856286E4A8D00E3AA76 /* Build configuration list for PBXProject "Flora" */;
			compatibilityVersion = "Xcode 13.0";
			developmentRegion = en;
			hasScannedForEncodings = 0;
			knownRegions = (
				en,
				Base,
			);
			mainGroup = F47EE852286E4A8D00E3AA76;
			productRefGroup = F47EE85C286E4A8D00E3AA76 /* Products */;
			projectDirPath = "";
			projectRoot = "";
			targets = (
				F47EE85A286E4A8D00E3AA76 /* Flora */,
				F47EE875286E4A8E00E3AA76 /* FloraTests */,
				F47EE87F286E4A8E00E3AA76 /* FloraUITests */,
			);
		};
/* End PBXProject section */

/* Begin PBXResourcesBuildPhase section */
		F47EE859286E4A8D00E3AA76 /* Resources */ = {
			isa = PBXResourcesBuildPhase;
			buildActionMask = 2147483647;
			files = (
				F445ED042874A4340084BDBB /* charSearchBody.json in Resources */,
				F41A29E8286E4CE200D2DAB9 /* Keys.plist in Resources */,
				F47EE86E286E4A8E00E3AA76 /* LaunchScreen.storyboard in Resources */,
				F47EE86B286E4A8E00E3AA76 /* Assets.xcassets in Resources */,
				F47EE869286E4A8D00E3AA76 /* Main.storyboard in Resources */,
			);
			runOnlyForDeploymentPostprocessing = 0;
		};
		F47EE874286E4A8E00E3AA76 /* Resources */ = {
			isa = PBXResourcesBuildPhase;
			buildActionMask = 2147483647;
			files = (
			);
			runOnlyForDeploymentPostprocessing = 0;
		};
		F47EE87E286E4A8E00E3AA76 /* Resources */ = {
			isa = PBXResourcesBuildPhase;
			buildActionMask = 2147483647;
			files = (
			);
			runOnlyForDeploymentPostprocessing = 0;
		};
/* End PBXResourcesBuildPhase section */

/* Begin PBXShellScriptBuildPhase section */
		0B86E163896BE69DD905C404 /* [CP] Check Pods Manifest.lock */ = {
			isa = PBXShellScriptBuildPhase;
			buildActionMask = 2147483647;
			files = (
			);
			inputFileListPaths = (
			);
			inputPaths = (
				"${PODS_PODFILE_DIR_PATH}/Podfile.lock",
				"${PODS_ROOT}/Manifest.lock",
			);
			name = "[CP] Check Pods Manifest.lock";
			outputFileListPaths = (
			);
			outputPaths = (
				"$(DERIVED_FILE_DIR)/Pods-Flora-checkManifestLockResult.txt",
			);
			runOnlyForDeploymentPostprocessing = 0;
			shellPath = /bin/sh;
			shellScript = "diff \"${PODS_PODFILE_DIR_PATH}/Podfile.lock\" \"${PODS_ROOT}/Manifest.lock\" > /dev/null\nif [ $? != 0 ] ; then\n    # print error to STDERR\n    echo \"error: The sandbox is not in sync with the Podfile.lock. Run 'pod install' or update your CocoaPods installation.\" >&2\n    exit 1\nfi\n# This output is used by Xcode 'outputs' to avoid re-running this script phase.\necho \"SUCCESS\" > \"${SCRIPT_OUTPUT_FILE_0}\"\n";
			showEnvVarsInLog = 0;
		};
		16D33F38AE3A4598899148C6 /* [CP] Check Pods Manifest.lock */ = {
			isa = PBXShellScriptBuildPhase;
			buildActionMask = 2147483647;
			files = (
			);
			inputFileListPaths = (
			);
			inputPaths = (
				"${PODS_PODFILE_DIR_PATH}/Podfile.lock",
				"${PODS_ROOT}/Manifest.lock",
			);
			name = "[CP] Check Pods Manifest.lock";
			outputFileListPaths = (
			);
			outputPaths = (
				"$(DERIVED_FILE_DIR)/Pods-Flora-FloraUITests-checkManifestLockResult.txt",
			);
			runOnlyForDeploymentPostprocessing = 0;
			shellPath = /bin/sh;
			shellScript = "diff \"${PODS_PODFILE_DIR_PATH}/Podfile.lock\" \"${PODS_ROOT}/Manifest.lock\" > /dev/null\nif [ $? != 0 ] ; then\n    # print error to STDERR\n    echo \"error: The sandbox is not in sync with the Podfile.lock. Run 'pod install' or update your CocoaPods installation.\" >&2\n    exit 1\nfi\n# This output is used by Xcode 'outputs' to avoid re-running this script phase.\necho \"SUCCESS\" > \"${SCRIPT_OUTPUT_FILE_0}\"\n";
			showEnvVarsInLog = 0;
		};
		6DB86B2418E2B058A91B5040 /* [CP] Embed Pods Frameworks */ = {
			isa = PBXShellScriptBuildPhase;
			buildActionMask = 2147483647;
			files = (
			);
			inputFileListPaths = (
				"${PODS_ROOT}/Target Support Files/Pods-Flora-FloraUITests/Pods-Flora-FloraUITests-frameworks-${CONFIGURATION}-input-files.xcfilelist",
			);
			name = "[CP] Embed Pods Frameworks";
			outputFileListPaths = (
				"${PODS_ROOT}/Target Support Files/Pods-Flora-FloraUITests/Pods-Flora-FloraUITests-frameworks-${CONFIGURATION}-output-files.xcfilelist",
			);
			runOnlyForDeploymentPostprocessing = 0;
			shellPath = /bin/sh;
			shellScript = "\"${PODS_ROOT}/Target Support Files/Pods-Flora-FloraUITests/Pods-Flora-FloraUITests-frameworks.sh\"\n";
			showEnvVarsInLog = 0;
		};
		83CF91AB559FDC2A1B5B412C /* [CP] Embed Pods Frameworks */ = {
			isa = PBXShellScriptBuildPhase;
			buildActionMask = 2147483647;
			files = (
			);
			inputFileListPaths = (
				"${PODS_ROOT}/Target Support Files/Pods-Flora/Pods-Flora-frameworks-${CONFIGURATION}-input-files.xcfilelist",
			);
			name = "[CP] Embed Pods Frameworks";
			outputFileListPaths = (
				"${PODS_ROOT}/Target Support Files/Pods-Flora/Pods-Flora-frameworks-${CONFIGURATION}-output-files.xcfilelist",
			);
			runOnlyForDeploymentPostprocessing = 0;
			shellPath = /bin/sh;
			shellScript = "\"${PODS_ROOT}/Target Support Files/Pods-Flora/Pods-Flora-frameworks.sh\"\n";
			showEnvVarsInLog = 0;
		};
		943C445EC60E08FFA8E6D269 /* [CP] Check Pods Manifest.lock */ = {
			isa = PBXShellScriptBuildPhase;
			buildActionMask = 2147483647;
			files = (
			);
			inputFileListPaths = (
			);
			inputPaths = (
				"${PODS_PODFILE_DIR_PATH}/Podfile.lock",
				"${PODS_ROOT}/Manifest.lock",
			);
			name = "[CP] Check Pods Manifest.lock";
			outputFileListPaths = (
			);
			outputPaths = (
				"$(DERIVED_FILE_DIR)/Pods-FloraTests-checkManifestLockResult.txt",
			);
			runOnlyForDeploymentPostprocessing = 0;
			shellPath = /bin/sh;
			shellScript = "diff \"${PODS_PODFILE_DIR_PATH}/Podfile.lock\" \"${PODS_ROOT}/Manifest.lock\" > /dev/null\nif [ $? != 0 ] ; then\n    # print error to STDERR\n    echo \"error: The sandbox is not in sync with the Podfile.lock. Run 'pod install' or update your CocoaPods installation.\" >&2\n    exit 1\nfi\n# This output is used by Xcode 'outputs' to avoid re-running this script phase.\necho \"SUCCESS\" > \"${SCRIPT_OUTPUT_FILE_0}\"\n";
			showEnvVarsInLog = 0;
		};
		A575143698D79BEBBA57E9F9 /* [CP] Copy Pods Resources */ = {
			isa = PBXShellScriptBuildPhase;
			buildActionMask = 2147483647;
			files = (
			);
			inputFileListPaths = (
				"${PODS_ROOT}/Target Support Files/Pods-Flora/Pods-Flora-resources-${CONFIGURATION}-input-files.xcfilelist",
			);
			name = "[CP] Copy Pods Resources";
			outputFileListPaths = (
				"${PODS_ROOT}/Target Support Files/Pods-Flora/Pods-Flora-resources-${CONFIGURATION}-output-files.xcfilelist",
			);
			runOnlyForDeploymentPostprocessing = 0;
			shellPath = /bin/sh;
			shellScript = "\"${PODS_ROOT}/Target Support Files/Pods-Flora/Pods-Flora-resources.sh\"\n";
			showEnvVarsInLog = 0;
		};
		D7BAAE1ABB98100847D3FBB8 /* [CP] Copy Pods Resources */ = {
			isa = PBXShellScriptBuildPhase;
			buildActionMask = 2147483647;
			files = (
			);
			inputFileListPaths = (
				"${PODS_ROOT}/Target Support Files/Pods-Flora-FloraUITests/Pods-Flora-FloraUITests-resources-${CONFIGURATION}-input-files.xcfilelist",
			);
			name = "[CP] Copy Pods Resources";
			outputFileListPaths = (
				"${PODS_ROOT}/Target Support Files/Pods-Flora-FloraUITests/Pods-Flora-FloraUITests-resources-${CONFIGURATION}-output-files.xcfilelist",
			);
			runOnlyForDeploymentPostprocessing = 0;
			shellPath = /bin/sh;
			shellScript = "\"${PODS_ROOT}/Target Support Files/Pods-Flora-FloraUITests/Pods-Flora-FloraUITests-resources.sh\"\n";
			showEnvVarsInLog = 0;
		};
/* End PBXShellScriptBuildPhase section */

/* Begin PBXSourcesBuildPhase section */
		F47EE857286E4A8D00E3AA76 /* Sources */ = {
			isa = PBXSourcesBuildPhase;
			buildActionMask = 2147483647;
			files = (
				F46C67B428987BED006CA056 /* PostViewController.m in Sources */,
				F488CAC1288B4F840031B781 /* FollowViewController.m in Sources */,
				F445ED072875FD410084BDBB /* Board.m in Sources */,
				F4B267A228947AFB002320AE /* ComposePlantCell.m in Sources */,
				F4B2679628947234002320AE /* FeedViewController.m in Sources */,
				F456EAA8287CDA280067B05C /* LikesCell.m in Sources */,
				F47EE860286E4A8D00E3AA76 /* AppDelegate.m in Sources */,
				F44CF455287E21D10076AB4B /* BoardCell.m in Sources */,
				F4024E7628934C790054D6BB /* NameSearchViewController.m in Sources */,
				F445ED132877438E0084BDBB /* SearchViewController.m in Sources */,
				F49755B82881E458008050BB /* AddPlantCell.m in Sources */,
				F44CF452287E1A890076AB4B /* SelectViewController.m in Sources */,
				F445ED1C2878CF7F0084BDBB /* SignupViewController.m in Sources */,
				F4B267992894727A002320AE /* PostCell.m in Sources */,
				F41A29F6286E509200D2DAB9 /* APIManager.m in Sources */,
				F445ED0D287606600084BDBB /* ResultsViewController.m in Sources */,
				F44B96C0287F3A0100A6EC78 /* PlantCell.m in Sources */,
				F488CACD288B6B7B0031B781 /* UserCell.m in Sources */,
				F4499EF9288F5BC600C8169E /* UserProfileViewController.m in Sources */,
				F4499EFC288F6B9100C8169E /* ProfileBoardCell.m in Sources */,
				F4B2679F28947ADE002320AE /* ComposeViewController.m in Sources */,
				F41A29FD286E646D00D2DAB9 /* LoginViewController.m in Sources */,
				F4024E7928934DEE0054D6BB /* NameSearchCell.m in Sources */,
				F41A29EB286E4F7100D2DAB9 /* Plant.m in Sources */,
				F445ED162877A9A10084BDBB /* DetailViewController.m in Sources */,
				F456EAA5287CD5DE0067B05C /* LikesViewController.m in Sources */,
				F445ED1028760C530084BDBB /* CardView.m in Sources */,
				F488CAC4288B4FDB0031B781 /* UserSearchViewController.m in Sources */,
				F44CF458287E251A0076AB4B /* SelectBoardCell.m in Sources */,
				F47EE871286E4A8E00E3AA76 /* main.m in Sources */,
				F4B2679C289472F4002320AE /* Post.m in Sources */,
				F49755B52881E046008050BB /* AddViewController.m in Sources */,
				F488CAC7288B56300031B781 /* UserSearchCell.m in Sources */,
				F445ED192878B48F0084BDBB /* ProfileViewController.m in Sources */,
				F4499EF6288F14C700C8169E /* Follow.m in Sources */,
				F44CF45C287F2F420076AB4B /* BoardViewController.m in Sources */,
				F47EE863286E4A8D00E3AA76 /* SceneDelegate.m in Sources */,
				F46FB39428984C79001144D6 /* PostGridCell.m in Sources */,
			);
			runOnlyForDeploymentPostprocessing = 0;
		};
		F47EE872286E4A8E00E3AA76 /* Sources */ = {
			isa = PBXSourcesBuildPhase;
			buildActionMask = 2147483647;
			files = (
				F47EE87B286E4A8E00E3AA76 /* FloraTests.m in Sources */,
			);
			runOnlyForDeploymentPostprocessing = 0;
		};
		F47EE87C286E4A8E00E3AA76 /* Sources */ = {
			isa = PBXSourcesBuildPhase;
			buildActionMask = 2147483647;
			files = (
				F47EE885286E4A8E00E3AA76 /* FloraUITests.m in Sources */,
				F47EE887286E4A8E00E3AA76 /* FloraUITestsLaunchTests.m in Sources */,
			);
			runOnlyForDeploymentPostprocessing = 0;
		};
/* End PBXSourcesBuildPhase section */

/* Begin PBXTargetDependency section */
		F47EE878286E4A8E00E3AA76 /* PBXTargetDependency */ = {
			isa = PBXTargetDependency;
			target = F47EE85A286E4A8D00E3AA76 /* Flora */;
			targetProxy = F47EE877286E4A8E00E3AA76 /* PBXContainerItemProxy */;
		};
		F47EE882286E4A8E00E3AA76 /* PBXTargetDependency */ = {
			isa = PBXTargetDependency;
			target = F47EE85A286E4A8D00E3AA76 /* Flora */;
			targetProxy = F47EE881286E4A8E00E3AA76 /* PBXContainerItemProxy */;
		};
/* End PBXTargetDependency section */

/* Begin PBXVariantGroup section */
		F47EE867286E4A8D00E3AA76 /* Main.storyboard */ = {
			isa = PBXVariantGroup;
			children = (
				F47EE868286E4A8D00E3AA76 /* Base */,
			);
			name = Main.storyboard;
			sourceTree = "<group>";
		};
		F47EE86C286E4A8E00E3AA76 /* LaunchScreen.storyboard */ = {
			isa = PBXVariantGroup;
			children = (
				F47EE86D286E4A8E00E3AA76 /* Base */,
			);
			name = LaunchScreen.storyboard;
			sourceTree = "<group>";
		};
/* End PBXVariantGroup section */

/* Begin XCBuildConfiguration section */
		F47EE888286E4A8E00E3AA76 /* Debug */ = {
			isa = XCBuildConfiguration;
			buildSettings = {
				ALWAYS_SEARCH_USER_PATHS = NO;
				CLANG_ANALYZER_NONNULL = YES;
				CLANG_ANALYZER_NUMBER_OBJECT_CONVERSION = YES_AGGRESSIVE;
				CLANG_CXX_LANGUAGE_STANDARD = "gnu++17";
				CLANG_ENABLE_MODULES = YES;
				CLANG_ENABLE_OBJC_ARC = YES;
				CLANG_ENABLE_OBJC_WEAK = YES;
				CLANG_WARN_BLOCK_CAPTURE_AUTORELEASING = YES;
				CLANG_WARN_BOOL_CONVERSION = YES;
				CLANG_WARN_COMMA = YES;
				CLANG_WARN_CONSTANT_CONVERSION = YES;
				CLANG_WARN_DEPRECATED_OBJC_IMPLEMENTATIONS = YES;
				CLANG_WARN_DIRECT_OBJC_ISA_USAGE = YES_ERROR;
				CLANG_WARN_DOCUMENTATION_COMMENTS = YES;
				CLANG_WARN_EMPTY_BODY = YES;
				CLANG_WARN_ENUM_CONVERSION = YES;
				CLANG_WARN_INFINITE_RECURSION = YES;
				CLANG_WARN_INT_CONVERSION = YES;
				CLANG_WARN_NON_LITERAL_NULL_CONVERSION = YES;
				CLANG_WARN_OBJC_IMPLICIT_RETAIN_SELF = YES;
				CLANG_WARN_OBJC_LITERAL_CONVERSION = YES;
				CLANG_WARN_OBJC_ROOT_CLASS = YES_ERROR;
				CLANG_WARN_QUOTED_INCLUDE_IN_FRAMEWORK_HEADER = YES;
				CLANG_WARN_RANGE_LOOP_ANALYSIS = YES;
				CLANG_WARN_STRICT_PROTOTYPES = YES;
				CLANG_WARN_SUSPICIOUS_MOVE = YES;
				CLANG_WARN_UNGUARDED_AVAILABILITY = YES_AGGRESSIVE;
				CLANG_WARN_UNREACHABLE_CODE = YES;
				CLANG_WARN__DUPLICATE_METHOD_MATCH = YES;
				COPY_PHASE_STRIP = NO;
				DEBUG_INFORMATION_FORMAT = dwarf;
				ENABLE_STRICT_OBJC_MSGSEND = YES;
				ENABLE_TESTABILITY = YES;
				GCC_C_LANGUAGE_STANDARD = gnu11;
				GCC_DYNAMIC_NO_PIC = NO;
				GCC_NO_COMMON_BLOCKS = YES;
				GCC_OPTIMIZATION_LEVEL = 0;
				GCC_PREPROCESSOR_DEFINITIONS = (
					"DEBUG=1",
					"$(inherited)",
				);
				GCC_WARN_64_TO_32_BIT_CONVERSION = YES;
				GCC_WARN_ABOUT_RETURN_TYPE = YES_ERROR;
				GCC_WARN_UNDECLARED_SELECTOR = YES;
				GCC_WARN_UNINITIALIZED_AUTOS = YES_AGGRESSIVE;
				GCC_WARN_UNUSED_FUNCTION = YES;
				GCC_WARN_UNUSED_VARIABLE = YES;
				IPHONEOS_DEPLOYMENT_TARGET = 15.5;
				MTL_ENABLE_DEBUG_INFO = INCLUDE_SOURCE;
				MTL_FAST_MATH = YES;
				ONLY_ACTIVE_ARCH = YES;
				SDKROOT = iphoneos;
			};
			name = Debug;
		};
		F47EE889286E4A8E00E3AA76 /* Release */ = {
			isa = XCBuildConfiguration;
			buildSettings = {
				ALWAYS_SEARCH_USER_PATHS = NO;
				CLANG_ANALYZER_NONNULL = YES;
				CLANG_ANALYZER_NUMBER_OBJECT_CONVERSION = YES_AGGRESSIVE;
				CLANG_CXX_LANGUAGE_STANDARD = "gnu++17";
				CLANG_ENABLE_MODULES = YES;
				CLANG_ENABLE_OBJC_ARC = YES;
				CLANG_ENABLE_OBJC_WEAK = YES;
				CLANG_WARN_BLOCK_CAPTURE_AUTORELEASING = YES;
				CLANG_WARN_BOOL_CONVERSION = YES;
				CLANG_WARN_COMMA = YES;
				CLANG_WARN_CONSTANT_CONVERSION = YES;
				CLANG_WARN_DEPRECATED_OBJC_IMPLEMENTATIONS = YES;
				CLANG_WARN_DIRECT_OBJC_ISA_USAGE = YES_ERROR;
				CLANG_WARN_DOCUMENTATION_COMMENTS = YES;
				CLANG_WARN_EMPTY_BODY = YES;
				CLANG_WARN_ENUM_CONVERSION = YES;
				CLANG_WARN_INFINITE_RECURSION = YES;
				CLANG_WARN_INT_CONVERSION = YES;
				CLANG_WARN_NON_LITERAL_NULL_CONVERSION = YES;
				CLANG_WARN_OBJC_IMPLICIT_RETAIN_SELF = YES;
				CLANG_WARN_OBJC_LITERAL_CONVERSION = YES;
				CLANG_WARN_OBJC_ROOT_CLASS = YES_ERROR;
				CLANG_WARN_QUOTED_INCLUDE_IN_FRAMEWORK_HEADER = YES;
				CLANG_WARN_RANGE_LOOP_ANALYSIS = YES;
				CLANG_WARN_STRICT_PROTOTYPES = YES;
				CLANG_WARN_SUSPICIOUS_MOVE = YES;
				CLANG_WARN_UNGUARDED_AVAILABILITY = YES_AGGRESSIVE;
				CLANG_WARN_UNREACHABLE_CODE = YES;
				CLANG_WARN__DUPLICATE_METHOD_MATCH = YES;
				COPY_PHASE_STRIP = NO;
				DEBUG_INFORMATION_FORMAT = "dwarf-with-dsym";
				ENABLE_NS_ASSERTIONS = NO;
				ENABLE_STRICT_OBJC_MSGSEND = YES;
				GCC_C_LANGUAGE_STANDARD = gnu11;
				GCC_NO_COMMON_BLOCKS = YES;
				GCC_WARN_64_TO_32_BIT_CONVERSION = YES;
				GCC_WARN_ABOUT_RETURN_TYPE = YES_ERROR;
				GCC_WARN_UNDECLARED_SELECTOR = YES;
				GCC_WARN_UNINITIALIZED_AUTOS = YES_AGGRESSIVE;
				GCC_WARN_UNUSED_FUNCTION = YES;
				GCC_WARN_UNUSED_VARIABLE = YES;
				IPHONEOS_DEPLOYMENT_TARGET = 15.5;
				MTL_ENABLE_DEBUG_INFO = NO;
				MTL_FAST_MATH = YES;
				SDKROOT = iphoneos;
				VALIDATE_PRODUCT = YES;
			};
			name = Release;
		};
		F47EE88B286E4A8E00E3AA76 /* Debug */ = {
			isa = XCBuildConfiguration;
			baseConfigurationReference = 3261E9DF9EEAD20ED6802442 /* Pods-Flora.debug.xcconfig */;
			buildSettings = {
				ASSETCATALOG_COMPILER_APPICON_NAME = AppIcon;
				ASSETCATALOG_COMPILER_GLOBAL_ACCENT_COLOR_NAME = AccentColor;
				CODE_SIGN_STYLE = Automatic;
				CURRENT_PROJECT_VERSION = 1;
				DEVELOPMENT_TEAM = 7FBY9XMGDL;
				EXCLUDED_ARCHS = "";
				GENERATE_INFOPLIST_FILE = YES;
				INFOPLIST_FILE = Flora/Info.plist;
				INFOPLIST_KEY_UIApplicationSupportsIndirectInputEvents = YES;
				INFOPLIST_KEY_UILaunchStoryboardName = LaunchScreen;
				INFOPLIST_KEY_UIMainStoryboardFile = Main;
				INFOPLIST_KEY_UISupportedInterfaceOrientations_iPad = "UIInterfaceOrientationPortrait UIInterfaceOrientationPortraitUpsideDown UIInterfaceOrientationLandscapeLeft UIInterfaceOrientationLandscapeRight";
				INFOPLIST_KEY_UISupportedInterfaceOrientations_iPhone = "UIInterfaceOrientationPortrait UIInterfaceOrientationLandscapeLeft UIInterfaceOrientationLandscapeRight";
				LD_RUNPATH_SEARCH_PATHS = (
					"$(inherited)",
					"@executable_path/Frameworks",
				);
				MARKETING_VERSION = 1.0;
				ONLY_ACTIVE_ARCH = NO;
				PRODUCT_BUNDLE_IDENTIFIER = com.codepath.Flora;
				PRODUCT_NAME = "$(TARGET_NAME)";
				SWIFT_EMIT_LOC_STRINGS = YES;
				TARGETED_DEVICE_FAMILY = "1,2";
				VALIDATE_WORKSPACE = NO;
			};
			name = Debug;
		};
		F47EE88C286E4A8E00E3AA76 /* Release */ = {
			isa = XCBuildConfiguration;
			baseConfigurationReference = 7662785C07E52A17BAB712EF /* Pods-Flora.release.xcconfig */;
			buildSettings = {
				ASSETCATALOG_COMPILER_APPICON_NAME = AppIcon;
				ASSETCATALOG_COMPILER_GLOBAL_ACCENT_COLOR_NAME = AccentColor;
				CODE_SIGN_STYLE = Automatic;
				CURRENT_PROJECT_VERSION = 1;
				DEVELOPMENT_TEAM = 7FBY9XMGDL;
				EXCLUDED_ARCHS = "";
				GENERATE_INFOPLIST_FILE = YES;
				INFOPLIST_FILE = Flora/Info.plist;
				INFOPLIST_KEY_UIApplicationSupportsIndirectInputEvents = YES;
				INFOPLIST_KEY_UILaunchStoryboardName = LaunchScreen;
				INFOPLIST_KEY_UIMainStoryboardFile = Main;
				INFOPLIST_KEY_UISupportedInterfaceOrientations_iPad = "UIInterfaceOrientationPortrait UIInterfaceOrientationPortraitUpsideDown UIInterfaceOrientationLandscapeLeft UIInterfaceOrientationLandscapeRight";
				INFOPLIST_KEY_UISupportedInterfaceOrientations_iPhone = "UIInterfaceOrientationPortrait UIInterfaceOrientationLandscapeLeft UIInterfaceOrientationLandscapeRight";
				LD_RUNPATH_SEARCH_PATHS = (
					"$(inherited)",
					"@executable_path/Frameworks",
				);
				MARKETING_VERSION = 1.0;
				ONLY_ACTIVE_ARCH = NO;
				PRODUCT_BUNDLE_IDENTIFIER = com.codepath.Flora;
				PRODUCT_NAME = "$(TARGET_NAME)";
				SWIFT_EMIT_LOC_STRINGS = YES;
				TARGETED_DEVICE_FAMILY = "1,2";
				VALIDATE_WORKSPACE = NO;
			};
			name = Release;
		};
		F47EE88E286E4A8E00E3AA76 /* Debug */ = {
			isa = XCBuildConfiguration;
			baseConfigurationReference = 64BFF87648540B25EA6733F8 /* Pods-FloraTests.debug.xcconfig */;
			buildSettings = {
				BUNDLE_LOADER = "$(TEST_HOST)";
				CODE_SIGN_STYLE = Automatic;
				CURRENT_PROJECT_VERSION = 1;
				DEVELOPMENT_TEAM = 7FBY9XMGDL;
				GENERATE_INFOPLIST_FILE = YES;
				IPHONEOS_DEPLOYMENT_TARGET = 15.5;
				MARKETING_VERSION = 1.0;
				PRODUCT_BUNDLE_IDENTIFIER = com.codepath.FloraTests;
				PRODUCT_NAME = "$(TARGET_NAME)";
				SWIFT_EMIT_LOC_STRINGS = NO;
				TARGETED_DEVICE_FAMILY = "1,2";
				TEST_HOST = "$(BUILT_PRODUCTS_DIR)/Flora.app/Flora";
			};
			name = Debug;
		};
		F47EE88F286E4A8E00E3AA76 /* Release */ = {
			isa = XCBuildConfiguration;
			baseConfigurationReference = 9CB4B67367D9E0DC2EEDD41E /* Pods-FloraTests.release.xcconfig */;
			buildSettings = {
				BUNDLE_LOADER = "$(TEST_HOST)";
				CODE_SIGN_STYLE = Automatic;
				CURRENT_PROJECT_VERSION = 1;
				DEVELOPMENT_TEAM = 7FBY9XMGDL;
				GENERATE_INFOPLIST_FILE = YES;
				IPHONEOS_DEPLOYMENT_TARGET = 15.5;
				MARKETING_VERSION = 1.0;
				PRODUCT_BUNDLE_IDENTIFIER = com.codepath.FloraTests;
				PRODUCT_NAME = "$(TARGET_NAME)";
				SWIFT_EMIT_LOC_STRINGS = NO;
				TARGETED_DEVICE_FAMILY = "1,2";
				TEST_HOST = "$(BUILT_PRODUCTS_DIR)/Flora.app/Flora";
			};
			name = Release;
		};
		F47EE891286E4A8E00E3AA76 /* Debug */ = {
			isa = XCBuildConfiguration;
			baseConfigurationReference = 840E0347A227C35BC42428C9 /* Pods-Flora-FloraUITests.debug.xcconfig */;
			buildSettings = {
				CODE_SIGN_STYLE = Automatic;
				CURRENT_PROJECT_VERSION = 1;
				DEVELOPMENT_TEAM = 7FBY9XMGDL;
				GENERATE_INFOPLIST_FILE = YES;
				MARKETING_VERSION = 1.0;
				PRODUCT_BUNDLE_IDENTIFIER = com.codepath.FloraUITests;
				PRODUCT_NAME = "$(TARGET_NAME)";
				SWIFT_EMIT_LOC_STRINGS = NO;
				TARGETED_DEVICE_FAMILY = "1,2";
				TEST_TARGET_NAME = Flora;
			};
			name = Debug;
		};
		F47EE892286E4A8E00E3AA76 /* Release */ = {
			isa = XCBuildConfiguration;
			baseConfigurationReference = 65C5037708F8FE444B12F984 /* Pods-Flora-FloraUITests.release.xcconfig */;
			buildSettings = {
				CODE_SIGN_STYLE = Automatic;
				CURRENT_PROJECT_VERSION = 1;
				DEVELOPMENT_TEAM = 7FBY9XMGDL;
				GENERATE_INFOPLIST_FILE = YES;
				MARKETING_VERSION = 1.0;
				PRODUCT_BUNDLE_IDENTIFIER = com.codepath.FloraUITests;
				PRODUCT_NAME = "$(TARGET_NAME)";
				SWIFT_EMIT_LOC_STRINGS = NO;
				TARGETED_DEVICE_FAMILY = "1,2";
				TEST_TARGET_NAME = Flora;
			};
			name = Release;
		};
/* End XCBuildConfiguration section */

/* Begin XCConfigurationList section */
		F47EE856286E4A8D00E3AA76 /* Build configuration list for PBXProject "Flora" */ = {
			isa = XCConfigurationList;
			buildConfigurations = (
				F47EE888286E4A8E00E3AA76 /* Debug */,
				F47EE889286E4A8E00E3AA76 /* Release */,
			);
			defaultConfigurationIsVisible = 0;
			defaultConfigurationName = Release;
		};
		F47EE88A286E4A8E00E3AA76 /* Build configuration list for PBXNativeTarget "Flora" */ = {
			isa = XCConfigurationList;
			buildConfigurations = (
				F47EE88B286E4A8E00E3AA76 /* Debug */,
				F47EE88C286E4A8E00E3AA76 /* Release */,
			);
			defaultConfigurationIsVisible = 0;
			defaultConfigurationName = Release;
		};
		F47EE88D286E4A8E00E3AA76 /* Build configuration list for PBXNativeTarget "FloraTests" */ = {
			isa = XCConfigurationList;
			buildConfigurations = (
				F47EE88E286E4A8E00E3AA76 /* Debug */,
				F47EE88F286E4A8E00E3AA76 /* Release */,
			);
			defaultConfigurationIsVisible = 0;
			defaultConfigurationName = Release;
		};
		F47EE890286E4A8E00E3AA76 /* Build configuration list for PBXNativeTarget "FloraUITests" */ = {
			isa = XCConfigurationList;
			buildConfigurations = (
				F47EE891286E4A8E00E3AA76 /* Debug */,
				F47EE892286E4A8E00E3AA76 /* Release */,
			);
			defaultConfigurationIsVisible = 0;
			defaultConfigurationName = Release;
		};
/* End XCConfigurationList section */
	};
	rootObject = F47EE853286E4A8D00E3AA76 /* Project object */;
}
